
Microsoft Visual Studio Solution File, Format Version 12.00
# Visual Studio Version 17
VisualStudioVersion = 17.2.32630.192
MinimumVisualStudioVersion = 10.0.40219.1
Project("{FAE04EC0-301F-11D3-BF4B-00C04F79EFBC}") = "Registration and Login With MVC", "Registration and Login With MVC\Registration and Login With MVC.csproj", "{1E48170E-2B74-4909-A446-762ACF60948E}"
EndProject
Global
	GlobalSection(SolutionConfigurationPlatforms) = preSolution
		Debug|Any CPU = Debug|Any CPU
		Release|Any CPU = Release|Any CPU
	EndGlobalSection
	GlobalSection(ProjectConfigurationPlatforms) = postSolution
		{1E48170E-2B74-4909-A446-762ACF60948E}.Debug|Any CPU.ActiveCfg = Debug|Any CPU
		{1E48170E-2B74-4909-A446-762ACF60948E}.Debug|Any CPU.Build.0 = Debug|Any CPU
		{1E48170E-2B74-4909-A446-762ACF60948E}.Release|Any CPU.ActiveCfg = Release|Any CPU
		{1E48170E-2B74-4909-A446-762ACF60948E}.Release|Any CPU.Build.0 = Release|Any CPU
	EndGlobalSection
	GlobalSection(SolutionProperties) = preSolution
		HideSolutionNode = FALSE
	EndGlobalSection
	GlobalSection(ExtensibilityGlobals) = postSolution
		SolutionGuid = {556AF513-D4A2-48EE-B6CA-1E0E308EC125}
	EndGlobalSection
EndGlobal
